{
    "_readme": [
        "This file locks the dependencies of your project to a known state",
        "Read more about it at https://getcomposer.org/doc/01-basic-usage.md#composer-lock-the-lock-file",
        "This file is @generated automatically"
    ],
    "content-hash": "8412594fbcf74243c9ac82b4a50b86f2",
    "packages": [
        {
            "name": "cijic/phpmorphy",
            "version": "0.3.0",
            "source": {
                "type": "git",
                "url": "https://github.com/cijic/phpmorphy.git",
                "reference": "093da0bcdfe51296fff9df3a62e05313caa049d7"
            },
            "dist": {
                "type": "zip",
                "url": "https://api.github.com/repos/cijic/phpmorphy/zipball/093da0bcdfe51296fff9df3a62e05313caa049d7",
                "reference": "093da0bcdfe51296fff9df3a62e05313caa049d7",
                "shasum": ""
            },
            "require": {
                "php": ">=5.3.0"
            },
            "type": "library",
            "autoload": {
                "classmap": [
                    "libs/phpmorphy/src/common.php",
                    "libs/phpmorphy/src/"
                ],
                "psr-4": {
                    "cijic\\phpMorphy\\": "src"
                }
            },
            "notification-url": "https://packagist.org/downloads/",
            "license": [
                "MIT"
            ],
            "authors": [
                {
                    "name": "Chiril Teterea",
                    "email": "altcode@ya.ru",
                    "role": "Developer"
                }
            ],
            "description": "phpMorphy - morphological analyzer library for Russisan, English languages.",
            "homepage": "https://github.com/cijic/phpmorphy",
            "keywords": [
                "phpmorphy"
            ],
            "time": "2015-09-19T11:27:14+00:00"
        }
    ],
    "packages-dev": [],
    "aliases": [],
    "minimum-stability": "stable",
    "stability-flags": [],
    "prefer-stable": false,
    "prefer-lowest": false,
    "platform": [],
    "platform-dev": []
}
